<?xml version="1.0" encoding="utf-8"?>
<Project ToolsVersion="4.0" xmlns="http://schemas.microsoft.com/developer/msbuild/2003">
  <ItemGroup>
    <Filter Include="ソース ファイル">
      <UniqueIdentifier>{4FC737F1-C7A5-4376-A066-2A32D752A2FF}</UniqueIdentifier>
      <Extensions>cpp;c;cc;cxx;def;odl;idl;hpj;bat;asm;asmx</Extensions>
    </Filter>
    <Filter Include="ヘッダー ファイル">
      <UniqueIdentifier>{93995380-89BD-4b04-88EB-625FBE52EBFB}</UniqueIdentifier>
      <Extensions>h;hh;hpp;hxx;hm;inl;inc;ipp;xsd</Extensions>
    </Filter>
    <Filter Include="リソース ファイル">
      <UniqueIdentifier>{67DA6AB6-F800-4c08-8B7A-83BB121AAD01}</UniqueIdentifier>
      <Extensions>rc;ico;cur;bmp;dlg;rc2;rct;bin;rgs;gif;jpg;jpeg;jpe;resx;tiff;tif;png;wav;mfcribbon-ms</Extensions>
    </Filter>
  </ItemGroup>
  <ItemGroup>
    <ClInclude Include="stdafx.h">
      <Filter>ヘッダー ファイル</Filter>
    </ClInclude>
    <ClInclude Include="targetver.h">
      <Filter>ヘッダー ファイル</Filter>
    </ClInclude>
    <ClInclude Include="Resource.h">
      <Filter>ヘッダー ファイル</Filter>
    </ClInclude>
    <ClInclude Include="190831-pngLoaderTest.h">
      <Filter>ヘッダー ファイル</Filter>
    </ClInclude>
    <ClInclude Include="NotificationCenterClass.h">
      <Filter>ソース ファイル</Filter>
    </ClInclude>
    <ClInclude Include="OpenGLInitializerClass.h">
      <Filter>ソース ファイル</Filter>
    </ClInclude>
    <ClInclude Include="shaderLoaderClass.h">
      <Filter>ソース ファイル</Filter>
    </ClInclude>
    <ClInclude Include="WindowManagerClass.h">
      <Filter>ソース ファイル</Filter>
    </ClInclude>
    <ClInclude Include="glew.h">
      <Filter>ソース ファイル</Filter>
    </ClInclude>
    <ClInclude Include="wglew.h">
      <Filter>ソース ファイル</Filter>
    </ClInclude>
    <ClInclude Include="bitmapLoaderClass.h">
      <Filter>ソース ファイル</Filter>
    </ClInclude>
    <ClInclude Include="mainController.h">
      <Filter>ソース ファイル</Filter>
    </ClInclude>
    <ClInclude Include="zconf.h">
      <Filter>ソース ファイル</Filter>
    </ClInclude>
    <ClInclude Include="zlib.h">
      <Filter>ソース ファイル</Filter>
    </ClInclude>
    <ClInclude Include="png.h">
      <Filter>ソース ファイル</Filter>
    </ClInclude>
    <ClInclude Include="pngconf.h">
      <Filter>ソース ファイル</Filter>
    </ClInclude>
    <ClInclude Include="pnglibconf.h">
      <Filter>ソース ファイル</Filter>
    </ClInclude>
    <ClInclude Include="png24LoaderClass.h">
      <Filter>ヘッダー ファイル</Filter>
    </ClInclude>
    <ClInclude Include="pngLoaderClass.h">
      <Filter>ソース ファイル</Filter>
    </ClInclude>
    <ClInclude Include="PNG_LoaderClass.h">
      <Filter>ソース ファイル</Filter>
    </ClInclude>
  </ItemGroup>
  <ItemGroup>
    <ClCompile Include="stdafx.cpp">
      <Filter>ソース ファイル</Filter>
    </ClCompile>
    <ClCompile Include="190831-pngLoaderTest.cpp">
      <Filter>ソース ファイル</Filter>
    </ClCompile>
    <ClCompile Include="mainController.cpp">
      <Filter>ソース ファイル</Filter>
    </ClCompile>
    <ClCompile Include="NotificationCenterClass.cpp">
      <Filter>ソース ファイル</Filter>
    </ClCompile>
    <ClCompile Include="OpenGLInitializerClass.cpp">
      <Filter>ソース ファイル</Filter>
    </ClCompile>
    <ClCompile Include="shaderLoaderClass.cpp">
      <Filter>ソース ファイル</Filter>
    </ClCompile>
    <ClCompile Include="WindowManagerClass.cpp">
      <Filter>ソース ファイル</Filter>
    </ClCompile>
    <ClCompile Include="bitmapLoaderClass.cpp">
      <Filter>ソース ファイル</Filter>
    </ClCompile>
    <ClCompile Include="png24LoaderClass.cpp">
      <Filter>ソース ファイル</Filter>
    </ClCompile>
    <ClCompile Include="pngLoaderClass.cpp">
      <Filter>ソース ファイル</Filter>
    </ClCompile>
    <ClCompile Include="PNG_LoaderClass.cpp">
      <Filter>ソース ファイル</Filter>
    </ClCompile>
  </ItemGroup>
  <ItemGroup>
    <ResourceCompile Include="190831-pngLoaderTest.rc">
      <Filter>リソース ファイル</Filter>
    </ResourceCompile>
  </ItemGroup>
  <ItemGroup>
    <Image Include="small.ico">
      <Filter>リソース ファイル</Filter>
    </Image>
    <Image Include="190831-pngLoaderTest.ico">
      <Filter>リソース ファイル</Filter>
    </Image>
    <Image Include="science_texture.bmp">
      <Filter>リソース ファイル</Filter>
    </Image>
    <Image Include="test.bmp">
      <Filter>リソース ファイル</Filter>
    </Image>
  </ItemGroup>
  <ItemGroup>
    <Text Include="simpleFS.txt">
      <Filter>リソース ファイル</Filter>
    </Text>
    <Text Include="simpleVS.txt">
      <Filter>リソース ファイル</Filter>
    </Text>
  </ItemGroup>
</Project>